Microsoft Visual Studio Solution File, Format Version 12.00
# Visual Studio Version 17
VisualStudioVersion = 17.5.2.0
MinimumVisualStudioVersion = 10.0.40219.1
Project("{FAE04EC0-301F-11D3-BF4B-00C04F79EFBC}") = "BankAccountSimulator", "BankAccountSimulator\BankAccountSimulator.csproj", "{73C59F90-73EF-0F74-B03C-626691DF4D18}"
EndProject
Global
	GlobalSection(SolutionConfigurationPlatforms) = preSolution
		Debug|Any CPU = Debug|Any CPU
		Release|Any CPU = Release|Any CPU
	EndGlobalSection
	GlobalSection(ProjectConfigurationPlatforms) = postSolution
		{73C59F90-73EF-0F74-B03C-626691DF4D18}.Debug|Any CPU.ActiveCfg = Debug|Any CPU
		{73C59F90-73EF-0F74-B03C-626691DF4D18}.Debug|Any CPU.Build.0 = Debug|Any CPU
		{73C59F90-73EF-0F74-B03C-626691DF4D18}.Release|Any CPU.ActiveCfg = Release|Any CPU
		{73C59F90-73EF-0F74-B03C-626691DF4D18}.Release|Any CPU.Build.0 = Release|Any CPU
	EndGlobalSection
	GlobalSection(SolutionProperties) = preSolution
		HideSolutionNode = FALSE
	EndGlobalSection
	GlobalSection(ExtensibilityGlobals) = postSolution
		SolutionGuid = {9AA26C53-7D59-4317-97B2-5607EF15D5FB}
	EndGlobalSection
EndGlobal
